// !$*UTF8*$!
{
	archiveVersion = 1;
	classes = {
	};
	objectVersion = 46;
	objects = {

/* Begin PBXBuildFile section */
		0422ABFB202B1F510085C2A4 /* PlayerDelegater.m in Sources */ = {isa = PBXBuildFile; fileRef = 0422ABFA202B1F510085C2A4 /* PlayerDelegater.m */; };
		0422ABFE202B1F730085C2A4 /* RecorderDelegater.m in Sources */ = {isa = PBXBuildFile; fileRef = 0422ABFD202B1F730085C2A4 /* RecorderDelegater.m */; };
		21A1CEB2B1E6B131D6C20F97 /* libPods-SimpleProject.a in Frameworks */ = {isa = PBXBuildFile; fileRef = 249898F8156374B511EA49F0 /* libPods-SimpleProject.a */; };
		862611021F5652D600118D66 /* main.m in Sources */ = {isa = PBXBuildFile; fileRef = 862611011F5652D600118D66 /* main.m */; };
		862611051F5652D600118D66 /* AppDelegate.m in Sources */ = {isa = PBXBuildFile; fileRef = 862611041F5652D600118D66 /* AppDelegate.m */; };
		862611081F5652D600118D66 /* ViewController.m in Sources */ = {isa = PBXBuildFile; fileRef = 862611071F5652D600118D66 /* ViewController.m */; };
		8626110B1F5652D600118D66 /* Main.storyboard in Resources */ = {isa = PBXBuildFile; fileRef = 862611091F5652D600118D66 /* Main.storyboard */; };
		8626110D1F5652D600118D66 /* Assets.xcassets in Resources */ = {isa = PBXBuildFile; fileRef = 8626110C1F5652D600118D66 /* Assets.xcassets */; };
		862611101F5652D600118D66 /* LaunchScreen.storyboard in Resources */ = {isa = PBXBuildFile; fileRef = 8626110E1F5652D600118D66 /* LaunchScreen.storyboard */; };
		8626111B1F5652D600118D66 /* SimpleProjectTests.m in Sources */ = {isa = PBXBuildFile; fileRef = 8626111A1F5652D600118D66 /* SimpleProjectTests.m */; };
		862611261F5652D600118D66 /* SimpleProjectUITests.m in Sources */ = {isa = PBXBuildFile; fileRef = 862611251F5652D600118D66 /* SimpleProjectUITests.m */; };
/* End PBXBuildFile section */

/* Begin PBXContainerItemProxy section */
		862611171F5652D600118D66 /* PBXContainerItemProxy */ = {
			isa = PBXContainerItemProxy;
			containerPortal = 862610F51F5652D500118D66 /* Project object */;
			proxyType = 1;
			remoteGlobalIDString = 862610FC1F5652D600118D66;
			remoteInfo = SimpleProject;
		};
		862611221F5652D600118D66 /* PBXContainerItemProxy */ = {
			isa = PBXContainerItemProxy;
			containerPortal = 862610F51F5652D500118D66 /* Project object */;
			proxyType = 1;
			remoteGlobalIDString = 862610FC1F5652D600118D66;
			remoteInfo = SimpleProject;
		};
/* End PBXContainerItemProxy section */

/* Begin PBXFileReference section */
		0422ABF9202B1F510085C2A4 /* PlayerDelegater.h */ = {isa = PBXFileReference; lastKnownFileType = sourcecode.c.h; path = PlayerDelegater.h; sourceTree = "<group>"; };
		0422ABFA202B1F510085C2A4 /* PlayerDelegater.m */ = {isa = PBXFileReference; lastKnownFileType = sourcecode.c.objc; path = PlayerDelegater.m; sourceTree = "<group>"; };
		0422ABFC202B1F730085C2A4 /* RecorderDelegater.h */ = {isa = PBXFileReference; lastKnownFileType = sourcecode.c.h; path = RecorderDelegater.h; sourceTree = "<group>"; };
		0422ABFD202B1F730085C2A4 /* RecorderDelegater.m */ = {isa = PBXFileReference; lastKnownFileType = sourcecode.c.objc; path = RecorderDelegater.m; sourceTree = "<group>"; };
		0422ABFF202B21DF0085C2A4 /* DelegaterProtocol.h */ = {isa = PBXFileReference; lastKnownFileType = sourcecode.c.h; path = DelegaterProtocol.h; sourceTree = "<group>"; };
		249898F8156374B511EA49F0 /* libPods-SimpleProject.a */ = {isa = PBXFileReference; explicitFileType = archive.ar; includeInIndex = 0; path = "libPods-SimpleProject.a"; sourceTree = BUILT_PRODUCTS_DIR; };
		862610FD1F5652D600118D66 /* SimpleProject.app */ = {isa = PBXFileReference; explicitFileType = wrapper.application; includeInIndex = 0; path = SimpleProject.app; sourceTree = BUILT_PRODUCTS_DIR; };
		862611011F5652D600118D66 /* main.m */ = {isa = PBXFileReference; lastKnownFileType = sourcecode.c.objc; path = main.m; sourceTree = "<group>"; };
		862611031F5652D600118D66 /* AppDelegate.h */ = {isa = PBXFileReference; lastKnownFileType = sourcecode.c.h; path = AppDelegate.h; sourceTree = "<group>"; };
		862611041F5652D600118D66 /* AppDelegate.m */ = {isa = PBXFileReference; lastKnownFileType = sourcecode.c.objc; path = AppDelegate.m; sourceTree = "<group>"; };
		862611061F5652D600118D66 /* ViewController.h */ = {isa = PBXFileReference; lastKnownFileType = sourcecode.c.h; path = ViewController.h; sourceTree = "<group>"; };
		862611071F5652D600118D66 /* ViewController.m */ = {isa = PBXFileReference; lastKnownFileType = sourcecode.c.objc; path = ViewController.m; sourceTree = "<group>"; };
		8626110A1F5652D600118D66 /* Base */ = {isa = PBXFileReference; lastKnownFileType = file.storyboard; name = Base; path = Base.lproj/Main.storyboard; sourceTree = "<group>"; };
		8626110C1F5652D600118D66 /* Assets.xcassets */ = {isa = PBXFileReference; lastKnownFileType = folder.assetcatalog; path = Assets.xcassets; sourceTree = "<group>"; };
		8626110F1F5652D600118D66 /* Base */ = {isa = PBXFileReference; lastKnownFileType = file.storyboard; name = Base; path = Base.lproj/LaunchScreen.storyboard; sourceTree = "<group>"; };
		862611111F5652D600118D66 /* Info.plist */ = {isa = PBXFileReference; lastKnownFileType = text.plist.xml; path = Info.plist; sourceTree = "<group>"; };
		862611161F5652D600118D66 /* SimpleProjectTests.xctest */ = {isa = PBXFileReference; explicitFileType = wrapper.cfbundle; includeInIndex = 0; path = SimpleProjectTests.xctest; sourceTree = BUILT_PRODUCTS_DIR; };
		8626111A1F5652D600118D66 /* SimpleProjectTests.m */ = {isa = PBXFileReference; lastKnownFileType = sourcecode.c.objc; path = SimpleProjectTests.m; sourceTree = "<group>"; };
		8626111C1F5652D600118D66 /* Info.plist */ = {isa = PBXFileReference; lastKnownFileType = text.plist.xml; path = Info.plist; sourceTree = "<group>"; };
		862611211F5652D600118D66 /* SimpleProjectUITests.xctest */ = {isa = PBXFileReference; explicitFileType = wrapper.cfbundle; includeInIndex = 0; path = SimpleProjectUITests.xctest; sourceTree = BUILT_PRODUCTS_DIR; };
		862611251F5652D600118D66 /* SimpleProjectUITests.m */ = {isa = PBXFileReference; lastKnownFileType = sourcecode.c.objc; path = SimpleProjectUITests.m; sourceTree = "<group>"; };
		862611271F5652D600118D66 /* Info.plist */ = {isa = PBXFileReference; lastKnownFileType = text.plist.xml; path = Info.plist; sourceTree = "<group>"; };
		9AF03DAB58CA101567A341F0 /* Pods-SimpleProject.release.xcconfig */ = {isa = PBXFileReference; includeInIndex = 1; lastKnownFileType = text.xcconfig; name = "Pods-SimpleProject.release.xcconfig"; path = "Pods/Target Support Files/Pods-SimpleProject/Pods-SimpleProject.release.xcconfig"; sourceTree = "<group>"; };
		CE10D8A289798CC7656A1E28 /* Pods-SimpleProject.debug.xcconfig */ = {isa = PBXFileReference; includeInIndex = 1; lastKnownFileType = text.xcconfig; name = "Pods-SimpleProject.debug.xcconfig"; path = "Pods/Target Support Files/Pods-SimpleProject/Pods-SimpleProject.debug.xcconfig"; sourceTree = "<group>"; };
/* End PBXFileReference section */

/* Begin PBXFrameworksBuildPhase section */
		862610FA1F5652D600118D66 /* Frameworks */ = {
			isa = PBXFrameworksBuildPhase;
			buildActionMask = 2147483647;
			files = (
				21A1CEB2B1E6B131D6C20F97 /* libPods-SimpleProject.a in Frameworks */,
			);
			runOnlyForDeploymentPostprocessing = 0;
		};
		862611131F5652D600118D66 /* Frameworks */ = {
			isa = PBXFrameworksBuildPhase;
			buildActionMask = 2147483647;
			files = (
			);
			runOnlyForDeploymentPostprocessing = 0;
		};
		8626111E1F5652D600118D66 /* Frameworks */ = {
			isa = PBXFrameworksBuildPhase;
			buildActionMask = 2147483647;
			files = (
			);
			runOnlyForDeploymentPostprocessing = 0;
		};
/* End PBXFrameworksBuildPhase section */

/* Begin PBXGroup section */
		862610F41F5652D500118D66 = {
			isa = PBXGroup;
			children = (
				862610FF1F5652D600118D66 /* SimpleProject */,
				862611191F5652D600118D66 /* SimpleProjectTests */,
				862611241F5652D600118D66 /* SimpleProjectUITests */,
				862610FE1F5652D600118D66 /* Products */,
				9BB84E20C3F8AC66E7EBE071 /* Pods */,
				BF1AF6BA5B1BA858366D3F83 /* Frameworks */,
			);
			sourceTree = "<group>";
		};
		862610FE1F5652D600118D66 /* Products */ = {
			isa = PBXGroup;
			children = (
				862610FD1F5652D600118D66 /* SimpleProject.app */,
				862611161F5652D600118D66 /* SimpleProjectTests.xctest */,
				862611211F5652D600118D66 /* SimpleProjectUITests.xctest */,
			);
			name = Products;
			sourceTree = "<group>";
		};
		862610FF1F5652D600118D66 /* SimpleProject */ = {
			isa = PBXGroup;
			children = (
				862611031F5652D600118D66 /* AppDelegate.h */,
				862611041F5652D600118D66 /* AppDelegate.m */,
				862611061F5652D600118D66 /* ViewController.h */,
				862611071F5652D600118D66 /* ViewController.m */,
				862611091F5652D600118D66 /* Main.storyboard */,
				8626110C1F5652D600118D66 /* Assets.xcassets */,
				8626110E1F5652D600118D66 /* LaunchScreen.storyboard */,
				862611111F5652D600118D66 /* Info.plist */,
				862611001F5652D600118D66 /* Supporting Files */,
				0422ABF9202B1F510085C2A4 /* PlayerDelegater.h */,
				0422ABFA202B1F510085C2A4 /* PlayerDelegater.m */,
				0422ABFC202B1F730085C2A4 /* RecorderDelegater.h */,
				0422ABFD202B1F730085C2A4 /* RecorderDelegater.m */,
				0422ABFF202B21DF0085C2A4 /* DelegaterProtocol.h */,
			);
			path = SimpleProject;
			sourceTree = "<group>";
		};
		862611001F5652D600118D66 /* Supporting Files */ = {
			isa = PBXGroup;
			children = (
				862611011F5652D600118D66 /* main.m */,
			);
			name = "Supporting Files";
			sourceTree = "<group>";
		};
		862611191F5652D600118D66 /* SimpleProjectTests */ = {
			isa = PBXGroup;
			children = (
				8626111A1F5652D600118D66 /* SimpleProjectTests.m */,
				8626111C1F5652D600118D66 /* Info.plist */,
			);
			path = SimpleProjectTests;
			sourceTree = "<group>";
		};
		862611241F5652D600118D66 /* SimpleProjectUITests */ = {
			isa = PBXGroup;
			children = (
				862611251F5652D600118D66 /* SimpleProjectUITests.m */,
				862611271F5652D600118D66 /* Info.plist */,
			);
			path = SimpleProjectUITests;
			sourceTree = "<group>";
		};
		9BB84E20C3F8AC66E7EBE071 /* Pods */ = {
			isa = PBXGroup;
			children = (
				CE10D8A289798CC7656A1E28 /* Pods-SimpleProject.debug.xcconfig */,
				9AF03DAB58CA101567A341F0 /* Pods-SimpleProject.release.xcconfig */,
			);
			name = Pods;
			sourceTree = "<group>";
		};
		BF1AF6BA5B1BA858366D3F83 /* Frameworks */ = {
			isa = PBXGroup;
			children = (
				249898F8156374B511EA49F0 /* libPods-SimpleProject.a */,
			);
			name = Frameworks;
			sourceTree = "<group>";
		};
/* End PBXGroup section */

/* Begin PBXNativeTarget section */
		862610FC1F5652D600118D66 /* SimpleProject */ = {
			isa = PBXNativeTarget;
			buildConfigurationList = 8626112A1F5652D600118D66 /* Build configuration list for PBXNativeTarget "SimpleProject" */;
			buildPhases = (
				63F3AA97BA954C07B7E2FE93 /* [CP] Check Pods Manifest.lock */,
				862610F91F5652D600118D66 /* Sources */,
				862610FA1F5652D600118D66 /* Frameworks */,
				862610FB1F5652D600118D66 /* Resources */,
				EEA891E2A15E2AF498AE2601 /* [CP] Embed Pods Frameworks */,
				0E8FEE0A020061334553CA1F /* [CP] Copy Pods Resources */,
			);
			buildRules = (
			);
			dependencies = (
			);
			name = SimpleProject;
			productName = SimpleProject;
			productReference = 862610FD1F5652D600118D66 /* SimpleProject.app */;
			productType = "com.apple.product-type.application";
		};
		862611151F5652D600118D66 /* SimpleProjectTests */ = {
			isa = PBXNativeTarget;
			buildConfigurationList = 8626112D1F5652D600118D66 /* Build configuration list for PBXNativeTarget "SimpleProjectTests" */;
			buildPhases = (
				862611121F5652D600118D66 /* Sources */,
				862611131F5652D600118D66 /* Frameworks */,
				862611141F5652D600118D66 /* Resources */,
			);
			buildRules = (
			);
			dependencies = (
				862611181F5652D600118D66 /* PBXTargetDependency */,
			);
			name = SimpleProjectTests;
			productName = SimpleProjectTests;
			productReference = 862611161F5652D600118D66 /* SimpleProjectTests.xctest */;
			productType = "com.apple.product-type.bundle.unit-test";
		};
		862611201F5652D600118D66 /* SimpleProjectUITests */ = {
			isa = PBXNativeTarget;
			buildConfigurationList = 862611301F5652D600118D66 /* Build configuration list for PBXNativeTarget "SimpleProjectUITests" */;
			buildPhases = (
				8626111D1F5652D600118D66 /* Sources */,
				8626111E1F5652D600118D66 /* Frameworks */,
				8626111F1F5652D600118D66 /* Resources */,
			);
			buildRules = (
			);
			dependencies = (
				862611231F5652D600118D66 /* PBXTargetDependency */,
			);
			name = SimpleProjectUITests;
			productName = SimpleProjectUITests;
			productReference = 862611211F5652D600118D66 /* SimpleProjectUITests.xctest */;
			productType = "com.apple.product-type.bundle.ui-testing";
		};
/* End PBXNativeTarget section */

/* Begin PBXProject section */
		862610F51F5652D500118D66 /* Project object */ = {
			isa = PBXProject;
			attributes = {
				LastUpgradeCheck = 0830;
				ORGANIZATIONNAME = com.flamegrace;
				TargetAttributes = {
					862610FC1F5652D600118D66 = {
						CreatedOnToolsVersion = 8.3.3;
						DevelopmentTeam = XCPX82Y35G;
						ProvisioningStyle = Automatic;
					};
					862611151F5652D600118D66 = {
						CreatedOnToolsVersion = 8.3.3;
						DevelopmentTeam = PK25G5QCH4;
						ProvisioningStyle = Automatic;
						TestTargetID = 862610FC1F5652D600118D66;
					};
					862611201F5652D600118D66 = {
						CreatedOnToolsVersion = 8.3.3;
						DevelopmentTeam = PK25G5QCH4;
						ProvisioningStyle = Automatic;
						TestTargetID = 862610FC1F5652D600118D66;
					};
				};
			};
			buildConfigurationList = 862610F81F5652D500118D66 /* Build configuration list for PBXProject "SimpleProject" */;
			compatibilityVersion = "Xcode 3.2";
			developmentRegion = English;
			hasScannedForEncodings = 0;
			knownRegions = (
				en,
				Base,
			);
			mainGroup = 862610F41F5652D500118D66;
			productRefGroup = 862610FE1F5652D600118D66 /* Products */;
			projectDirPath = "";
			projectRoot = "";
			targets = (
				862610FC1F5652D600118D66 /* SimpleProject */,
				862611151F5652D600118D66 /* SimpleProjectTests */,
				862611201F5652D600118D66 /* SimpleProjectUITests */,
			);
		};
/* End PBXProject section */

/* Begin PBXResourcesBuildPhase section */
		862610FB1F5652D600118D66 /* Resources */ = {
			isa = PBXResourcesBuildPhase;
			buildActionMask = 2147483647;
			files = (
				862611101F5652D600118D66 /* LaunchScreen.storyboard in Resources */,
				8626110D1F5652D600118D66 /* Assets.xcassets in Resources */,
				8626110B1F5652D600118D66 /* Main.storyboard in Resources */,
			);
			runOnlyForDeploymentPostprocessing = 0;
		};
		862611141F5652D600118D66 /* Resources */ = {
			isa = PBXResourcesBuildPhase;
			buildActionMask = 2147483647;
			files = (
			);
			runOnlyForDeploymentPostprocessing = 0;
		};
		8626111F1F5652D600118D66 /* Resources */ = {
			isa = PBXResourcesBuildPhase;
			buildActionMask = 2147483647;
			files = (
			);
			runOnlyForDeploymentPostprocessing = 0;
		};
/* End PBXResourcesBuildPhase section */

/* Begin PBXShellScriptBuildPhase section */
		0E8FEE0A020061334553CA1F /* [CP] Copy Pods Resources */ = {
			isa = PBXShellScriptBuildPhase;
			buildActionMask = 2147483647;
			files = (
			);
			inputPaths = (
			);
			name = "[CP] Copy Pods Resources";
			outputPaths = (
			);
			runOnlyForDeploymentPostprocessing = 0;
			shellPath = /bin/sh;
			shellScript = "\"${SRCROOT}/Pods/Target Support Files/Pods-SimpleProject/Pods-SimpleProject-resources.sh\"\n";
			showEnvVarsInLog = 0;
		};
		63F3AA97BA954C07B7E2FE93 /* [CP] Check Pods Manifest.lock */ = {
			isa = PBXShellScriptBuildPhase;
			buildActionMask = 2147483647;
			files = (
			);
			inputPaths = (
				"${PODS_PODFILE_DIR_PATH}/Podfile.lock",
				"${PODS_ROOT}/Manifest.lock",
			);
			name = "[CP] Check Pods Manifest.lock";
			outputPaths = (
				"$(DERIVED_FILE_DIR)/Pods-SimpleProject-checkManifestLockResult.txt",
			);
			runOnlyForDeploymentPostprocessing = 0;
			shellPath = /bin/sh;
			shellScript = "diff \"${PODS_PODFILE_DIR_PATH}/Podfile.lock\" \"${PODS_ROOT}/Manifest.lock\" > /dev/null\nif [ $? != 0 ] ; then\n    # print error to STDERR\n    echo \"error: The sandbox is not in sync with the Podfile.lock. Run 'pod install' or update your CocoaPods installation.\" >&2\n    exit 1\nfi\n# This output is used by Xcode 'outputs' to avoid re-running this script phase.\necho \"SUCCESS\" > \"${SCRIPT_OUTPUT_FILE_0}\"\n";
			showEnvVarsInLog = 0;
		};
		EEA891E2A15E2AF498AE2601 /* [CP] Embed Pods Frameworks */ = {
			isa = PBXShellScriptBuildPhase;
			buildActionMask = 2147483647;
			files = (
			);
			inputPaths = (
			);
			name = "[CP] Embed Pods Frameworks";
			outputPaths = (
			);
			runOnlyForDeploymentPostprocessing = 0;
			shellPath = /bin/sh;
			shellScript = "\"${SRCROOT}/Pods/Target Support Files/Pods-SimpleProject/Pods-SimpleProject-frameworks.sh\"\n";
			showEnvVarsInLog = 0;
		};
/* End PBXShellScriptBuildPhase section */

/* Begin PBXSourcesBuildPhase section */
		862610F91F5652D600118D66 /* Sources */ = {
			isa = PBXSourcesBuildPhase;
			buildActionMask = 2147483647;
			files = (
				862611081F5652D600118D66 /* ViewController.m in Sources */,
				0422ABFB202B1F510085C2A4 /* PlayerDelegater.m in Sources */,
				862611051F5652D600118D66 /* AppDelegate.m in Sources */,
				0422ABFE202B1F730085C2A4 /* RecorderDelegater.m in Sources */,
				862611021F5652D600118D66 /* main.m in Sources */,
			);
			runOnlyForDeploymentPostprocessing = 0;
		};
		862611121F5652D600118D66 /* Sources */ = {
			isa = PBXSourcesBuildPhase;
			buildActionMask = 2147483647;
			files = (
				8626111B1F5652D600118D66 /* SimpleProjectTests.m in Sources */,
			);
			runOnlyForDeploymentPostprocessing = 0;
		};
		8626111D1F5652D600118D66 /* Sources */ = {
			isa = PBXSourcesBuildPhase;
			buildActionMask = 2147483647;
			files = (
				862611261F5652D600118D66 /* SimpleProjectUITests.m in Sources */,
			);
			runOnlyForDeploymentPostprocessing = 0;
		};
/* End PBXSourcesBuildPhase section */

/* Begin PBXTargetDependency section */
		862611181F5652D600118D66 /* PBXTargetDependency */ = {
			isa = PBXTargetDependency;
			target = 862610FC1F5652D600118D66 /* SimpleProject */;
			targetProxy = 862611171F5652D600118D66 /* PBXContainerItemProxy */;
		};
		862611231F5652D600118D66 /* PBXTargetDependency */ = {
			isa = PBXTargetDependency;
			target = 862610FC1F5652D600118D66 /* SimpleProject */;
			targetProxy = 862611221F5652D600118D66 /* PBXContainerItemProxy */;
		};
/* End PBXTargetDependency section */

/* Begin PBXVariantGroup section */
		862611091F5652D600118D66 /* Main.storyboard */ = {
			isa = PBXVariantGroup;
			children = (
				8626110A1F5652D600118D66 /* Base */,
			);
			name = Main.storyboard;
			sourceTree = "<group>";
		};
		8626110E1F5652D600118D66 /* LaunchScreen.storyboard */ = {
			isa = PBXVariantGroup;
			children = (
				8626110F1F5652D600118D66 /* Base */,
			);
			name = LaunchScreen.storyboard;
			sourceTree = "<group>";
		};
/* End PBXVariantGroup section */

/* Begin XCBuildConfiguration section */
		862611281F5652D600118D66 /* Debug */ = {
			isa = XCBuildConfiguration;
			buildSettings = {
				ALWAYS_SEARCH_USER_PATHS = NO;
				CLANG_ANALYZER_NONNULL = YES;
				CLANG_ANALYZER_NUMBER_OBJECT_CONVERSION = YES_AGGRESSIVE;
				CLANG_CXX_LANGUAGE_STANDARD = "gnu++0x";
				CLANG_CXX_LIBRARY = "libc++";
				CLANG_ENABLE_MODULES = YES;
				CLANG_ENABLE_OBJC_ARC = YES;
				CLANG_WARN_BOOL_CONVERSION = YES;
				CLANG_WARN_CONSTANT_CONVERSION = YES;
				CLANG_WARN_DIRECT_OBJC_ISA_USAGE = YES_ERROR;
				CLANG_WARN_DOCUMENTATION_COMMENTS = YES;
				CLANG_WARN_EMPTY_BODY = YES;
				CLANG_WARN_ENUM_CONVERSION = YES;
				CLANG_WARN_INFINITE_RECURSION = YES;
				CLANG_WARN_INT_CONVERSION = YES;
				CLANG_WARN_OBJC_ROOT_CLASS = YES_ERROR;
				CLANG_WARN_SUSPICIOUS_MOVE = YES;
				CLANG_WARN_UNREACHABLE_CODE = YES;
				CLANG_WARN__DUPLICATE_METHOD_MATCH = YES;
				"CODE_SIGN_IDENTITY[sdk=iphoneos*]" = "iPhone Developer";
				COPY_PHASE_STRIP = NO;
				DEBUG_INFORMATION_FORMAT = dwarf;
				ENABLE_STRICT_OBJC_MSGSEND = YES;
				ENABLE_TESTABILITY = YES;
				GCC_C_LANGUAGE_STANDARD = gnu99;
				GCC_DYNAMIC_NO_PIC = NO;
				GCC_NO_COMMON_BLOCKS = YES;
				GCC_OPTIMIZATION_LEVEL = 0;
				GCC_PREPROCESSOR_DEFINITIONS = (
					"DEBUG=1",
					"$(inherited)",
				);
				GCC_WARN_64_TO_32_BIT_CONVERSION = YES;
				GCC_WARN_ABOUT_RETURN_TYPE = YES_ERROR;
				GCC_WARN_UNDECLARED_SELECTOR = YES;
				GCC_WARN_UNINITIALIZED_AUTOS = YES_AGGRESSIVE;
				GCC_WARN_UNUSED_FUNCTION = YES;
				GCC_WARN_UNUSED_VARIABLE = YES;
				IPHONEOS_DEPLOYMENT_TARGET = 10.3;
				MTL_ENABLE_DEBUG_INFO = YES;
				ONLY_ACTIVE_ARCH = YES;
				SDKROOT = iphoneos;
			};
			name = Debug;
		};
		862611291F5652D600118D66 /* Release */ = {
			isa = XCBuildConfiguration;
			buildSettings = {
				ALWAYS_SEARCH_USER_PATHS = NO;
				CLANG_ANALYZER_NONNULL = YES;
				CLANG_ANALYZER_NUMBER_OBJECT_CONVERSION = YES_AGGRESSIVE;
				CLANG_CXX_LANGUAGE_STANDARD = "gnu++0x";
				CLANG_CXX_LIBRARY = "libc++";
				CLANG_ENABLE_MODULES = YES;
				CLANG_ENABLE_OBJC_ARC = YES;
				CLANG_WARN_BOOL_CONVERSION = YES;
				CLANG_WARN_CONSTANT_CONVERSION = YES;
				CLANG_WARN_DIRECT_OBJC_ISA_USAGE = YES_ERROR;
				CLANG_WARN_DOCUMENTATION_COMMENTS = YES;
				CLANG_WARN_EMPTY_BODY = YES;
				CLANG_WARN_ENUM_CONVERSION = YES;
				CLANG_WARN_INFINITE_RECURSION = YES;
				CLANG_WARN_INT_CONVERSION = YES;
				CLANG_WARN_OBJC_ROOT_CLASS = YES_ERROR;
				CLANG_WARN_SUSPICIOUS_MOVE = YES;
				CLANG_WARN_UNREACHABLE_CODE = YES;
				CLANG_WARN__DUPLICATE_METHOD_MATCH = YES;
				"CODE_SIGN_IDENTITY[sdk=iphoneos*]" = "iPhone Developer";
				COPY_PHASE_STRIP = NO;
				DEBUG_INFORMATION_FORMAT = "dwarf-with-dsym";
				ENABLE_NS_ASSERTIONS = NO;
				ENABLE_STRICT_OBJC_MSGSEND = YES;
				GCC_C_LANGUAGE_STANDARD = gnu99;
				GCC_NO_COMMON_BLOCKS = YES;
				GCC_WARN_64_TO_32_BIT_CONVERSION = YES;
				GCC_WARN_ABOUT_RETURN_TYPE = YES_ERROR;
				GCC_WARN_UNDECLARED_SELECTOR = YES;
				GCC_WARN_UNINITIALIZED_AUTOS = YES_AGGRESSIVE;
				GCC_WARN_UNUSED_FUNCTION = YES;
				GCC_WARN_UNUSED_VARIABLE = YES;
				IPHONEOS_DEPLOYMENT_TARGET = 10.3;
				MTL_ENABLE_DEBUG_INFO = NO;
				SDKROOT = iphoneos;
				VALIDATE_PRODUCT = YES;
			};
			name = Release;
		};
		8626112B1F5652D600118D66 /* Debug */ = {
			isa = XCBuildConfiguration;
			baseConfigurationReference = CE10D8A289798CC7656A1E28 /* Pods-SimpleProject.debug.xcconfig */;
			buildSettings = {
				ASSETCATALOG_COMPILER_APPICON_NAME = AppIcon;
				DEVELOPMENT_TEAM = XCPX82Y35G;
				ENABLE_BITCODE = NO;
				GCC_PREPROCESSOR_DEFINITIONS = "";
				INFOPLIST_FILE = SimpleProject/Info.plist;
				IPHONEOS_DEPLOYMENT_TARGET = 8.0;
				LD_RUNPATH_SEARCH_PATHS = "$(inherited) @executable_path/Frameworks";
				LIBRARY_SEARCH_PATHS = "$(inherited)";
				PRODUCT_BUNDLE_IDENTIFIER = com.flamegrace.SimpleProject;
				PRODUCT_NAME = "$(TARGET_NAME)";
			};
			name = Debug;
		};
		8626112C1F5652D600118D66 /* Release */ = {
			isa = XCBuildConfiguration;
			baseConfigurationReference = 9AF03DAB58CA101567A341F0 /* Pods-SimpleProject.release.xcconfig */;
			buildSettings = {
				ASSETCATALOG_COMPILER_APPICON_NAME = AppIcon;
				DEVELOPMENT_TEAM = XCPX82Y35G;
				ENABLE_BITCODE = NO;
				INFOPLIST_FILE = SimpleProject/Info.plist;
				IPHONEOS_DEPLOYMENT_TARGET = 8.0;
				LD_RUNPATH_SEARCH_PATHS = "$(inherited) @executable_path/Frameworks";
				LIBRARY_SEARCH_PATHS = "$(inherited)";
				PRODUCT_BUNDLE_IDENTIFIER = com.flamegrace.SimpleProject;
				PRODUCT_NAME = "$(TARGET_NAME)";
			};
			name = Release;
		};
		8626112E1F5652D600118D66 /* Debug */ = {
			isa = XCBuildConfiguration;
			buildSettings = {
				BUNDLE_LOADER = "$(TEST_HOST)";
				DEVELOPMENT_TEAM = PK25G5QCH4;
				INFOPLIST_FILE = SimpleProjectTests/Info.plist;
				LD_RUNPATH_SEARCH_PATHS = "$(inherited) @executable_path/Frameworks @loader_path/Frameworks";
				PRODUCT_BUNDLE_IDENTIFIER = com.flamegrace.SimpleProjectTests;
				PRODUCT_NAME = "$(TARGET_NAME)";
				TEST_HOST = "$(BUILT_PRODUCTS_DIR)/SimpleProject.app/SimpleProject";
			};
			name = Debug;
		};
		8626112F1F5652D600118D66 /* Release */ = {
			isa = XCBuildConfiguration;
			buildSettings = {
				BUNDLE_LOADER = "$(TEST_HOST)";
				DEVELOPMENT_TEAM = PK25G5QCH4;
				INFOPLIST_FILE = SimpleProjectTests/Info.plist;
				LD_RUNPATH_SEARCH_PATHS = "$(inherited) @executable_path/Frameworks @loader_path/Frameworks";
				PRODUCT_BUNDLE_IDENTIFIER = com.flamegrace.SimpleProjectTests;
				PRODUCT_NAME = "$(TARGET_NAME)";
				TEST_HOST = "$(BUILT_PRODUCTS_DIR)/SimpleProject.app/SimpleProject";
			};
			name = Release;
		};
		862611311F5652D600118D66 /* Debug */ = {
			isa = XCBuildConfiguration;
			buildSettings = {
				DEVELOPMENT_TEAM = PK25G5QCH4;
				INFOPLIST_FILE = SimpleProjectUITests/Info.plist;
				LD_RUNPATH_SEARCH_PATHS = "$(inherited) @executable_path/Frameworks @loader_path/Frameworks";
				PRODUCT_BUNDLE_IDENTIFIER = com.flamegrace.SimpleProjectUITests;
				PRODUCT_NAME = "$(TARGET_NAME)";
				TEST_TARGET_NAME = SimpleProject;
			};
			name = Debug;
		};
		862611321F5652D600118D66 /* Release */ = {
			isa = XCBuildConfiguration;
			buildSettings = {
				DEVELOPMENT_TEAM = PK25G5QCH4;
				INFOPLIST_FILE = SimpleProjectUITests/Info.plist;
				LD_RUNPATH_SEARCH_PATHS = "$(inherited) @executable_path/Frameworks @loader_path/Frameworks";
				PRODUCT_BUNDLE_IDENTIFIER = com.flamegrace.SimpleProjectUITests;
				PRODUCT_NAME = "$(TARGET_NAME)";
				TEST_TARGET_NAME = SimpleProject;
			};
			name = Release;
		};
/* End XCBuildConfiguration section */

/* Begin XCConfigurationList section */
		862610F81F5652D500118D66 /* Build configuration list for PBXProject "SimpleProject" */ = {
			isa = XCConfigurationList;
			buildConfigurations = (
				862611281F5652D600118D66 /* Debug */,
				862611291F5652D600118D66 /* Release */,
			);
			defaultConfigurationIsVisible = 0;
			defaultConfigurationName = Release;
		};
		8626112A1F5652D600118D66 /* Build configuration list for PBXNativeTarget "SimpleProject" */ = {
			isa = XCConfigurationList;
			buildConfigurations = (
				8626112B1F5652D600118D66 /* Debug */,
				8626112C1F5652D600118D66 /* Release */,
			);
			defaultConfigurationIsVisible = 0;
			defaultConfigurationName = Release;
		};
		8626112D1F5652D600118D66 /* Build configuration list for PBXNativeTarget "SimpleProjectTests" */ = {
			isa = XCConfigurationList;
			buildConfigurations = (
				8626112E1F5652D600118D66 /* Debug */,
				8626112F1F5652D600118D66 /* Release */,
			);
			defaultConfigurationIsVisible = 0;
			defaultConfigurationName = Release;
		};
		862611301F5652D600118D66 /* Build configuration list for PBXNativeTarget "SimpleProjectUITests" */ = {
			isa = XCConfigurationList;
			buildConfigurations = (
				862611311F5652D600118D66 /* Debug */,
				862611321F5652D600118D66 /* Release */,
			);
			defaultConfigurationIsVisible = 0;
			defaultConfigurationName = Release;
		};
/* End XCConfigurationList section */
	};
	rootObject = 862610F51F5652D500118D66 /* Project object */;
}
