PODS:
  - DispatchTimer (0.0.1)
  - MultiDelegateOC (0.0.3)

DEPENDENCIES:
  - DispatchTimer
  - MultiDelegateOC

SPEC CHECKSUMS:
  DispatchTimer: 13fa16973c5365f12d0748dccf83da0cf4826006
  MultiDelegateOC: a333ced592fbf35a49b17b61a10d106d308fca57

PODFILE CHECKSUM: a70c886f1e06baab76ce8b230f07349edff3a5a8

COCOAPODS: 1.4.0
